
Microsoft Visual Studio Solution File, Format Version 12.00
# Visual Studio Version 16
VisualStudioVersion = 16.0.29519.181
MinimumVisualStudioVersion = 10.0.40219.1
Project("{FAE04EC0-301F-11D3-BF4B-00C04F79EFBC}") = "DesignPatterns.Observer", "DesignPatterns.Observer\DesignPatterns.Observer.csproj", "{02227B21-3B82-4065-A3DC-BDA967B82F16}"
EndProject
Global
	GlobalSection(SolutionConfigurationPlatforms) = preSolution
		Debug|Any CPU = Debug|Any CPU
		Release|Any CPU = Release|Any CPU
	EndGlobalSection
	GlobalSection(ProjectConfigurationPlatforms) = postSolution
		{02227B21-3B82-4065-A3DC-BDA967B82F16}.Debug|Any CPU.ActiveCfg = Debug|Any CPU
		{02227B21-3B82-4065-A3DC-BDA967B82F16}.Debug|Any CPU.Build.0 = Debug|Any CPU
		{02227B21-3B82-4065-A3DC-BDA967B82F16}.Release|Any CPU.ActiveCfg = Release|Any CPU
		{02227B21-3B82-4065-A3DC-BDA967B82F16}.Release|Any CPU.Build.0 = Release|Any CPU
	EndGlobalSection
	GlobalSection(SolutionProperties) = preSolution
		HideSolutionNode = FALSE
	EndGlobalSection
	GlobalSection(ExtensibilityGlobals) = postSolution
		SolutionGuid = {7B1F18F4-815E-4282-8C08-C226DB34DA12}
	EndGlobalSection
EndGlobal
